
Microsoft Visual Studio Solution File, Format Version 12.00
# Visual Studio 2012
Project("{FAE04EC0-301F-11D3-BF4B-00C04F79EFBC}") = "JL_Intership_Day21_03", "JL_Intership_Day21_03\JL_Intership_Day21_03.csproj", "{DD7E8538-BB47-4130-8A6C-C885603F5225}"
EndProject
Project("{FAE04EC0-301F-11D3-BF4B-00C04F79EFBC}") = "JL_Intership_Day22_03", "JL_Intership_Day22_03\JL_Intership_Day22_03.csproj", "{A351AC9D-93C0-4271-BC5F-D2637B41FE22}"
EndProject
Project("{FAE04EC0-301F-11D3-BF4B-00C04F79EFBC}") = "Generics_Sample", "Generics_Sample\Generics_Sample.csproj", "{EE7A1385-2A04-4EC9-8B18-0C398FE4D58B}"
EndProject
Project("{FAE04EC0-301F-11D3-BF4B-00C04F79EFBC}") = "Attributes", "Attributes\Attributes.csproj", "{19E80702-CA6D-4623-BAAE-CA42E37CA939}"
EndProject
Project("{FAE04EC0-301F-11D3-BF4B-00C04F79EFBC}") = "LINQ_Sample", "LINQ_Sample\LINQ_Sample.csproj", "{F7045534-D6DB-477D-BC2E-8A3CD38AAF65}"
EndProject
Global
	GlobalSection(SolutionConfigurationPlatforms) = preSolution
		Debug|Any CPU = Debug|Any CPU
		Release|Any CPU = Release|Any CPU
	EndGlobalSection
	GlobalSection(ProjectConfigurationPlatforms) = postSolution
		{DD7E8538-BB47-4130-8A6C-C885603F5225}.Debug|Any CPU.ActiveCfg = Debug|Any CPU
		{DD7E8538-BB47-4130-8A6C-C885603F5225}.Debug|Any CPU.Build.0 = Debug|Any CPU
		{DD7E8538-BB47-4130-8A6C-C885603F5225}.Release|Any CPU.ActiveCfg = Release|Any CPU
		{DD7E8538-BB47-4130-8A6C-C885603F5225}.Release|Any CPU.Build.0 = Release|Any CPU
		{A351AC9D-93C0-4271-BC5F-D2637B41FE22}.Debug|Any CPU.ActiveCfg = Debug|Any CPU
		{A351AC9D-93C0-4271-BC5F-D2637B41FE22}.Debug|Any CPU.Build.0 = Debug|Any CPU
		{A351AC9D-93C0-4271-BC5F-D2637B41FE22}.Release|Any CPU.ActiveCfg = Release|Any CPU
		{A351AC9D-93C0-4271-BC5F-D2637B41FE22}.Release|Any CPU.Build.0 = Release|Any CPU
		{EE7A1385-2A04-4EC9-8B18-0C398FE4D58B}.Debug|Any CPU.ActiveCfg = Debug|Any CPU
		{EE7A1385-2A04-4EC9-8B18-0C398FE4D58B}.Debug|Any CPU.Build.0 = Debug|Any CPU
		{EE7A1385-2A04-4EC9-8B18-0C398FE4D58B}.Release|Any CPU.ActiveCfg = Release|Any CPU
		{EE7A1385-2A04-4EC9-8B18-0C398FE4D58B}.Release|Any CPU.Build.0 = Release|Any CPU
		{19E80702-CA6D-4623-BAAE-CA42E37CA939}.Debug|Any CPU.ActiveCfg = Debug|Any CPU
		{19E80702-CA6D-4623-BAAE-CA42E37CA939}.Debug|Any CPU.Build.0 = Debug|Any CPU
		{19E80702-CA6D-4623-BAAE-CA42E37CA939}.Release|Any CPU.ActiveCfg = Release|Any CPU
		{19E80702-CA6D-4623-BAAE-CA42E37CA939}.Release|Any CPU.Build.0 = Release|Any CPU
		{F7045534-D6DB-477D-BC2E-8A3CD38AAF65}.Debug|Any CPU.ActiveCfg = Debug|Any CPU
		{F7045534-D6DB-477D-BC2E-8A3CD38AAF65}.Debug|Any CPU.Build.0 = Debug|Any CPU
		{F7045534-D6DB-477D-BC2E-8A3CD38AAF65}.Release|Any CPU.ActiveCfg = Release|Any CPU
		{F7045534-D6DB-477D-BC2E-8A3CD38AAF65}.Release|Any CPU.Build.0 = Release|Any CPU
	EndGlobalSection
	GlobalSection(SolutionProperties) = preSolution
		HideSolutionNode = FALSE
	EndGlobalSection
EndGlobal
